
Microsoft Visual Studio Solution File, Format Version 12.00
# Visual Studio Version 16
VisualStudioVersion = 25.0.1703.3
MinimumVisualStudioVersion = 10.0.40219.1
Project("{2150E333-8FDC-42A3-9474-1A3956D46DE8}") = "Blocks", "Blocks", "{759B4BD7-D515-4BD0-AB33-9033FC03F529}"
EndProject
Project("{2150E333-8FDC-42A3-9474-1A3956D46DE8}") = "Services", "Services", "{62F9EC5B-2868-4112-B013-0DF5CF6BEB56}"
EndProject
Project("{2150E333-8FDC-42A3-9474-1A3956D46DE8}") = "ApiGateway", "ApiGateway", "{AF25274F-7EA3-4D3D-9C64-E85F0C5E4759}"
EndProject
Project("{2150E333-8FDC-42A3-9474-1A3956D46DE8}") = "EventBus", "EventBus", "{B7C55424-1699-42BA-BC33-A28C36928915}"
EndProject
Project("{2150E333-8FDC-42A3-9474-1A3956D46DE8}") = "SolutionItems", "SolutionItems", "{1FF4DA53-09C8-4F6C-93D3-7AE6BBDF9F19}"
	ProjectSection(SolutionItems) = preProject
		SolutionItems\MicroserviceProject-Database-Queries.txt = SolutionItems\MicroserviceProject-Database-Queries.txt
	EndProjectSection
EndProject
Project("{FAE04EC0-301F-11D3-BF4B-00C04F79EFBC}") = "EventBus.Base", "Blocks\EventBus\EventBus.Base\EventBus.Base.csproj", "{9574F7A7-5992-4DAB-8F99-5D2882AA4121}"
EndProject
Project("{FAE04EC0-301F-11D3-BF4B-00C04F79EFBC}") = "EventBus.Factory", "Blocks\EventBus\EventBus.Factory\EventBus.Factory.csproj", "{C751F461-9642-4ECC-964B-F5FD33FCA30D}"
EndProject
Project("{FAE04EC0-301F-11D3-BF4B-00C04F79EFBC}") = "EventBus.RabbitMQ", "Blocks\EventBus\EventBus.RabbitMQ\EventBus.RabbitMQ.csproj", "{64B2CC85-105D-4596-BF32-1FD8CAB45E92}"
EndProject
Project("{FAE04EC0-301F-11D3-BF4B-00C04F79EFBC}") = "ApiGateway", "ApiGateway\ApiGateway\ApiGateway.csproj", "{D3437501-99D4-4E6F-B30B-5E7DB2F39BD7}"
EndProject
Project("{2150E333-8FDC-42A3-9474-1A3956D46DE8}") = "WebApp", "WebApp", "{11B5834E-2192-446E-BD47-73437340C0C3}"
EndProject
Project("{2150E333-8FDC-42A3-9474-1A3956D46DE8}") = "PostApi", "PostApi", "{AA96EC9C-D6EE-4EA9-86AE-FDB89D4C6304}"
EndProject
Project("{2150E333-8FDC-42A3-9474-1A3956D46DE8}") = "NotificationApi", "NotificationApi", "{EE965563-E430-4594-9A44-D5AB462930DA}"
EndProject
Project("{2150E333-8FDC-42A3-9474-1A3956D46DE8}") = "UserApi", "UserApi", "{7C489288-F5D1-497D-9E04-B70844FFCDCB}"
EndProject
Project("{FAE04EC0-301F-11D3-BF4B-00C04F79EFBC}") = "Users.Api", "Services\UserApi\Users.Api\Users.Api.csproj", "{C0CD285B-3BF3-40FD-9801-84278F89265D}"
EndProject
Project("{FAE04EC0-301F-11D3-BF4B-00C04F79EFBC}") = "PostApi.DTO", "Services\PostApi\PostApi.DTO\PostApi.DTO.csproj", "{095B4D0E-1FB1-4A28-B359-BA079B13E1E9}"
EndProject
Project("{FAE04EC0-301F-11D3-BF4B-00C04F79EFBC}") = "PostApi.ORM", "Services\PostApi\PostApi.ORM\PostApi.ORM.csproj", "{E8CA6F19-E8CC-4494-827C-F59F96B5D962}"
EndProject
Project("{FAE04EC0-301F-11D3-BF4B-00C04F79EFBC}") = "PostApi.PostApi", "Services\PostApi\PostApi.PostApi\PostApi.PostApi.csproj", "{DEC64BCE-2BCC-4E04-AFE6-2AC7841F7469}"
EndProject
Project("{FAE04EC0-301F-11D3-BF4B-00C04F79EFBC}") = "WebApp.DTO", "WebApp\WebApp.DTO\WebApp.DTO.csproj", "{FDE05E76-B056-495E-A487-D50545B84B2B}"
EndProject
Project("{FAE04EC0-301F-11D3-BF4B-00C04F79EFBC}") = "WebApp.ORM", "WebApp\WebApp.ORM\WebApp.ORM.csproj", "{3C5699EA-DACC-456D-9C90-DDE1A7B26785}"
EndProject
Project("{FAE04EC0-301F-11D3-BF4B-00C04F79EFBC}") = "WebApp.REPOSITORY", "WebApp\WebApp.REPOSITORY\WebApp.REPOSITORY.csproj", "{E2F0A8A8-B94B-4B96-9367-CBCC686AC6CB}"
EndProject
Project("{FAE04EC0-301F-11D3-BF4B-00C04F79EFBC}") = "WebApp.SERVICES", "WebApp\WebApp.SERVICES\WebApp.SERVICES.csproj", "{4FFCC33E-A048-4302-A206-405C4CC52A9C}"
EndProject
Project("{FAE04EC0-301F-11D3-BF4B-00C04F79EFBC}") = "NotificationApi.DTO", "Services\NotificationApi\NotificationApi.DTO\NotificationApi.DTO.csproj", "{65BF66DA-15A2-425C-A7D0-C487AB060672}"
EndProject
Project("{FAE04EC0-301F-11D3-BF4B-00C04F79EFBC}") = "NotificationApi.INFRASTRUCTURE", "Services\NotificationApi\NotificationApi.INFRASTRUCTURE\NotificationApi.INFRASTRUCTURE.csproj", "{31A8F302-80D0-4286-9AE8-835A6461F201}"
EndProject
Project("{FAE04EC0-301F-11D3-BF4B-00C04F79EFBC}") = "NotificationApi.NotificationApi", "Services\NotificationApi\NotificationApi.NotificationApi\NotificationApi.NotificationApi.csproj", "{B5A1600F-4800-4E78-B91A-874C243F81F4}"
EndProject
Project("{FAE04EC0-301F-11D3-BF4B-00C04F79EFBC}") = "NotificationApi.ORM", "Services\NotificationApi\NotificationApi.ORM\NotificationApi.ORM.csproj", "{DB2DB298-35DE-4BD7-BE14-6B4783BB8911}"
EndProject
Project("{FAE04EC0-301F-11D3-BF4B-00C04F79EFBC}") = "PostApi.INFRASTRUCTURE", "Services\PostApi\PostApi.INFRASTRUCTURE\PostApi.INFRASTRUCTURE.csproj", "{9411C8D5-587A-4A52-B89C-927DF258F62C}"
EndProject
Project("{FAE04EC0-301F-11D3-BF4B-00C04F79EFBC}") = "EventBus.AzureServiceBus", "Blocks\EventBus\EventBus.AzureServiceBus\EventBus.AzureServiceBus.csproj", "{BC3847EC-F613-4708-B468-CD744BFC6035}"
EndProject
Global
	GlobalSection(SolutionConfigurationPlatforms) = preSolution
		Debug|Any CPU = Debug|Any CPU
		Release|Any CPU = Release|Any CPU
	EndGlobalSection
	GlobalSection(ProjectConfigurationPlatforms) = postSolution
		{9574F7A7-5992-4DAB-8F99-5D2882AA4121}.Debug|Any CPU.ActiveCfg = Debug|Any CPU
		{9574F7A7-5992-4DAB-8F99-5D2882AA4121}.Debug|Any CPU.Build.0 = Debug|Any CPU
		{9574F7A7-5992-4DAB-8F99-5D2882AA4121}.Release|Any CPU.ActiveCfg = Release|Any CPU
		{9574F7A7-5992-4DAB-8F99-5D2882AA4121}.Release|Any CPU.Build.0 = Release|Any CPU
		{C751F461-9642-4ECC-964B-F5FD33FCA30D}.Debug|Any CPU.ActiveCfg = Debug|Any CPU
		{C751F461-9642-4ECC-964B-F5FD33FCA30D}.Debug|Any CPU.Build.0 = Debug|Any CPU
		{C751F461-9642-4ECC-964B-F5FD33FCA30D}.Release|Any CPU.ActiveCfg = Release|Any CPU
		{C751F461-9642-4ECC-964B-F5FD33FCA30D}.Release|Any CPU.Build.0 = Release|Any CPU
		{64B2CC85-105D-4596-BF32-1FD8CAB45E92}.Debug|Any CPU.ActiveCfg = Debug|Any CPU
		{64B2CC85-105D-4596-BF32-1FD8CAB45E92}.Debug|Any CPU.Build.0 = Debug|Any CPU
		{64B2CC85-105D-4596-BF32-1FD8CAB45E92}.Release|Any CPU.ActiveCfg = Release|Any CPU
		{64B2CC85-105D-4596-BF32-1FD8CAB45E92}.Release|Any CPU.Build.0 = Release|Any CPU
		{D3437501-99D4-4E6F-B30B-5E7DB2F39BD7}.Debug|Any CPU.ActiveCfg = Debug|Any CPU
		{D3437501-99D4-4E6F-B30B-5E7DB2F39BD7}.Debug|Any CPU.Build.0 = Debug|Any CPU
		{D3437501-99D4-4E6F-B30B-5E7DB2F39BD7}.Release|Any CPU.ActiveCfg = Release|Any CPU
		{D3437501-99D4-4E6F-B30B-5E7DB2F39BD7}.Release|Any CPU.Build.0 = Release|Any CPU
		{C0CD285B-3BF3-40FD-9801-84278F89265D}.Debug|Any CPU.ActiveCfg = Debug|Any CPU
		{C0CD285B-3BF3-40FD-9801-84278F89265D}.Debug|Any CPU.Build.0 = Debug|Any CPU
		{C0CD285B-3BF3-40FD-9801-84278F89265D}.Release|Any CPU.ActiveCfg = Release|Any CPU
		{C0CD285B-3BF3-40FD-9801-84278F89265D}.Release|Any CPU.Build.0 = Release|Any CPU
		{095B4D0E-1FB1-4A28-B359-BA079B13E1E9}.Debug|Any CPU.ActiveCfg = Debug|Any CPU
		{095B4D0E-1FB1-4A28-B359-BA079B13E1E9}.Debug|Any CPU.Build.0 = Debug|Any CPU
		{095B4D0E-1FB1-4A28-B359-BA079B13E1E9}.Release|Any CPU.ActiveCfg = Release|Any CPU
		{095B4D0E-1FB1-4A28-B359-BA079B13E1E9}.Release|Any CPU.Build.0 = Release|Any CPU
		{E8CA6F19-E8CC-4494-827C-F59F96B5D962}.Debug|Any CPU.ActiveCfg = Debug|Any CPU
		{E8CA6F19-E8CC-4494-827C-F59F96B5D962}.Debug|Any CPU.Build.0 = Debug|Any CPU
		{E8CA6F19-E8CC-4494-827C-F59F96B5D962}.Release|Any CPU.ActiveCfg = Release|Any CPU
		{E8CA6F19-E8CC-4494-827C-F59F96B5D962}.Release|Any CPU.Build.0 = Release|Any CPU
		{DEC64BCE-2BCC-4E04-AFE6-2AC7841F7469}.Debug|Any CPU.ActiveCfg = Debug|Any CPU
		{DEC64BCE-2BCC-4E04-AFE6-2AC7841F7469}.Debug|Any CPU.Build.0 = Debug|Any CPU
		{DEC64BCE-2BCC-4E04-AFE6-2AC7841F7469}.Release|Any CPU.ActiveCfg = Release|Any CPU
		{DEC64BCE-2BCC-4E04-AFE6-2AC7841F7469}.Release|Any CPU.Build.0 = Release|Any CPU
		{FDE05E76-B056-495E-A487-D50545B84B2B}.Debug|Any CPU.ActiveCfg = Debug|Any CPU
		{FDE05E76-B056-495E-A487-D50545B84B2B}.Debug|Any CPU.Build.0 = Debug|Any CPU
		{FDE05E76-B056-495E-A487-D50545B84B2B}.Release|Any CPU.ActiveCfg = Release|Any CPU
		{FDE05E76-B056-495E-A487-D50545B84B2B}.Release|Any CPU.Build.0 = Release|Any CPU
		{3C5699EA-DACC-456D-9C90-DDE1A7B26785}.Debug|Any CPU.ActiveCfg = Debug|Any CPU
		{3C5699EA-DACC-456D-9C90-DDE1A7B26785}.Debug|Any CPU.Build.0 = Debug|Any CPU
		{3C5699EA-DACC-456D-9C90-DDE1A7B26785}.Release|Any CPU.ActiveCfg = Release|Any CPU
		{3C5699EA-DACC-456D-9C90-DDE1A7B26785}.Release|Any CPU.Build.0 = Release|Any CPU
		{E2F0A8A8-B94B-4B96-9367-CBCC686AC6CB}.Debug|Any CPU.ActiveCfg = Debug|Any CPU
		{E2F0A8A8-B94B-4B96-9367-CBCC686AC6CB}.Debug|Any CPU.Build.0 = Debug|Any CPU
		{E2F0A8A8-B94B-4B96-9367-CBCC686AC6CB}.Release|Any CPU.ActiveCfg = Release|Any CPU
		{E2F0A8A8-B94B-4B96-9367-CBCC686AC6CB}.Release|Any CPU.Build.0 = Release|Any CPU
		{4FFCC33E-A048-4302-A206-405C4CC52A9C}.Debug|Any CPU.ActiveCfg = Debug|Any CPU
		{4FFCC33E-A048-4302-A206-405C4CC52A9C}.Debug|Any CPU.Build.0 = Debug|Any CPU
		{4FFCC33E-A048-4302-A206-405C4CC52A9C}.Release|Any CPU.ActiveCfg = Release|Any CPU
		{4FFCC33E-A048-4302-A206-405C4CC52A9C}.Release|Any CPU.Build.0 = Release|Any CPU
		{65BF66DA-15A2-425C-A7D0-C487AB060672}.Debug|Any CPU.ActiveCfg = Debug|Any CPU
		{65BF66DA-15A2-425C-A7D0-C487AB060672}.Debug|Any CPU.Build.0 = Debug|Any CPU
		{65BF66DA-15A2-425C-A7D0-C487AB060672}.Release|Any CPU.ActiveCfg = Release|Any CPU
		{65BF66DA-15A2-425C-A7D0-C487AB060672}.Release|Any CPU.Build.0 = Release|Any CPU
		{31A8F302-80D0-4286-9AE8-835A6461F201}.Debug|Any CPU.ActiveCfg = Debug|Any CPU
		{31A8F302-80D0-4286-9AE8-835A6461F201}.Debug|Any CPU.Build.0 = Debug|Any CPU
		{31A8F302-80D0-4286-9AE8-835A6461F201}.Release|Any CPU.ActiveCfg = Release|Any CPU
		{31A8F302-80D0-4286-9AE8-835A6461F201}.Release|Any CPU.Build.0 = Release|Any CPU
		{B5A1600F-4800-4E78-B91A-874C243F81F4}.Debug|Any CPU.ActiveCfg = Debug|Any CPU
		{B5A1600F-4800-4E78-B91A-874C243F81F4}.Debug|Any CPU.Build.0 = Debug|Any CPU
		{B5A1600F-4800-4E78-B91A-874C243F81F4}.Release|Any CPU.ActiveCfg = Release|Any CPU
		{B5A1600F-4800-4E78-B91A-874C243F81F4}.Release|Any CPU.Build.0 = Release|Any CPU
		{DB2DB298-35DE-4BD7-BE14-6B4783BB8911}.Debug|Any CPU.ActiveCfg = Debug|Any CPU
		{DB2DB298-35DE-4BD7-BE14-6B4783BB8911}.Debug|Any CPU.Build.0 = Debug|Any CPU
		{DB2DB298-35DE-4BD7-BE14-6B4783BB8911}.Release|Any CPU.ActiveCfg = Release|Any CPU
		{DB2DB298-35DE-4BD7-BE14-6B4783BB8911}.Release|Any CPU.Build.0 = Release|Any CPU
		{9411C8D5-587A-4A52-B89C-927DF258F62C}.Debug|Any CPU.ActiveCfg = Debug|Any CPU
		{9411C8D5-587A-4A52-B89C-927DF258F62C}.Debug|Any CPU.Build.0 = Debug|Any CPU
		{9411C8D5-587A-4A52-B89C-927DF258F62C}.Release|Any CPU.ActiveCfg = Release|Any CPU
		{9411C8D5-587A-4A52-B89C-927DF258F62C}.Release|Any CPU.Build.0 = Release|Any CPU
		{BC3847EC-F613-4708-B468-CD744BFC6035}.Debug|Any CPU.ActiveCfg = Debug|Any CPU
		{BC3847EC-F613-4708-B468-CD744BFC6035}.Debug|Any CPU.Build.0 = Debug|Any CPU
		{BC3847EC-F613-4708-B468-CD744BFC6035}.Release|Any CPU.ActiveCfg = Release|Any CPU
		{BC3847EC-F613-4708-B468-CD744BFC6035}.Release|Any CPU.Build.0 = Release|Any CPU
	EndGlobalSection
	GlobalSection(SolutionProperties) = preSolution
		HideSolutionNode = FALSE
	EndGlobalSection
	GlobalSection(ExtensibilityGlobals) = postSolution
		SolutionGuid = {A40A976E-AD38-4712-966D-34B7E8A6B815}
	EndGlobalSection
	GlobalSection(NestedProjects) = preSolution
		{B7C55424-1699-42BA-BC33-A28C36928915} = {759B4BD7-D515-4BD0-AB33-9033FC03F529}
		{9574F7A7-5992-4DAB-8F99-5D2882AA4121} = {B7C55424-1699-42BA-BC33-A28C36928915}
		{C751F461-9642-4ECC-964B-F5FD33FCA30D} = {B7C55424-1699-42BA-BC33-A28C36928915}
		{64B2CC85-105D-4596-BF32-1FD8CAB45E92} = {B7C55424-1699-42BA-BC33-A28C36928915}
		{D3437501-99D4-4E6F-B30B-5E7DB2F39BD7} = {AF25274F-7EA3-4D3D-9C64-E85F0C5E4759}
		{AA96EC9C-D6EE-4EA9-86AE-FDB89D4C6304} = {62F9EC5B-2868-4112-B013-0DF5CF6BEB56}
		{7C489288-F5D1-497D-9E04-B70844FFCDCB} = {62F9EC5B-2868-4112-B013-0DF5CF6BEB56}
		{C0CD285B-3BF3-40FD-9801-84278F89265D} = {7C489288-F5D1-497D-9E04-B70844FFCDCB}
		{095B4D0E-1FB1-4A28-B359-BA079B13E1E9} = {AA96EC9C-D6EE-4EA9-86AE-FDB89D4C6304}
		{E8CA6F19-E8CC-4494-827C-F59F96B5D962} = {AA96EC9C-D6EE-4EA9-86AE-FDB89D4C6304}
		{DEC64BCE-2BCC-4E04-AFE6-2AC7841F7469} = {AA96EC9C-D6EE-4EA9-86AE-FDB89D4C6304}
		{FDE05E76-B056-495E-A487-D50545B84B2B} = {11B5834E-2192-446E-BD47-73437340C0C3}
		{3C5699EA-DACC-456D-9C90-DDE1A7B26785} = {11B5834E-2192-446E-BD47-73437340C0C3}
		{E2F0A8A8-B94B-4B96-9367-CBCC686AC6CB} = {11B5834E-2192-446E-BD47-73437340C0C3}
		{4FFCC33E-A048-4302-A206-405C4CC52A9C} = {11B5834E-2192-446E-BD47-73437340C0C3}
		{EE965563-E430-4594-9A44-D5AB462930DA} = {62F9EC5B-2868-4112-B013-0DF5CF6BEB56}
		{65BF66DA-15A2-425C-A7D0-C487AB060672} = {EE965563-E430-4594-9A44-D5AB462930DA}
		{31A8F302-80D0-4286-9AE8-835A6461F201} = {EE965563-E430-4594-9A44-D5AB462930DA}
		{B5A1600F-4800-4E78-B91A-874C243F81F4} = {EE965563-E430-4594-9A44-D5AB462930DA}
		{DB2DB298-35DE-4BD7-BE14-6B4783BB8911} = {EE965563-E430-4594-9A44-D5AB462930DA}
		{9411C8D5-587A-4A52-B89C-927DF258F62C} = {AA96EC9C-D6EE-4EA9-86AE-FDB89D4C6304}
		{BC3847EC-F613-4708-B468-CD744BFC6035} = {B7C55424-1699-42BA-BC33-A28C36928915}
	EndGlobalSection
EndGlobal
